
Microsoft Visual Studio Solution File, Format Version 12.00
# Visual Studio Version 17
VisualStudioVersion = 17.7.34031.279
MinimumVisualStudioVersion = 10.0.40219.1
Project("{FAE04EC0-301F-11D3-BF4B-00C04F79EFBC}") = "teste_graficos", "teste_graficos\teste_graficos.csproj", "{6A009984-129A-4700-826D-C2E5AF8E12AB}"
EndProject
Global
	GlobalSection(SolutionConfigurationPlatforms) = preSolution
		Debug|Any CPU = Debug|Any CPU
		Release|Any CPU = Release|Any CPU
	EndGlobalSection
	GlobalSection(ProjectConfigurationPlatforms) = postSolution
		{6A009984-129A-4700-826D-C2E5AF8E12AB}.Debug|Any CPU.ActiveCfg = Debug|Any CPU
		{6A009984-129A-4700-826D-C2E5AF8E12AB}.Debug|Any CPU.Build.0 = Debug|Any CPU
		{6A009984-129A-4700-826D-C2E5AF8E12AB}.Release|Any CPU.ActiveCfg = Release|Any CPU
		{6A009984-129A-4700-826D-C2E5AF8E12AB}.Release|Any CPU.Build.0 = Release|Any CPU
	EndGlobalSection
	GlobalSection(SolutionProperties) = preSolution
		HideSolutionNode = FALSE
	EndGlobalSection
	GlobalSection(ExtensibilityGlobals) = postSolution
		SolutionGuid = {1D56AEA8-044B-4B2D-B31E-B0732193F783}
	EndGlobalSection
EndGlobal
